Microsoft Visual Studio Solution File, Format Version 11.00
# Visual Studio 2008

Project("{52EE6365-A681-F84F-37D6-B0BE9895D905}") = "eecs-494-w17-p2", "Assembly-CSharp.csproj", "{DAA26691-D926-5EA5-98C8-63A33E8D54CD}"
EndProject
Global
	GlobalSection(SolutionConfigurationPlatforms) = preSolution
		Debug|Any CPU = Debug|Any CPU
		Release|Any CPU = Release|Any CPU
	EndGlobalSection
	GlobalSection(ProjectConfigurationPlatforms) = postSolution
		{DAA26691-D926-5EA5-98C8-63A33E8D54CD}.Debug|Any CPU.ActiveCfg = Debug|Any CPU
		{DAA26691-D926-5EA5-98C8-63A33E8D54CD}.Debug|Any CPU.Build.0 = Debug|Any CPU
		{DAA26691-D926-5EA5-98C8-63A33E8D54CD}.Release|Any CPU.ActiveCfg = Release|Any CPU
		{DAA26691-D926-5EA5-98C8-63A33E8D54CD}.Release|Any CPU.Build.0 = Release|Any CPU
	EndGlobalSection
	GlobalSection(SolutionProperties) = preSolution
		HideSolutionNode = FALSE
	EndGlobalSection
	GlobalSection(MonoDevelopProperties) = preSolution
		StartupItem = Assembly-CSharp.csproj
	EndGlobalSection
EndGlobal
